// !$*UTF8*$!
{
	archiveVersion = 1;
	classes = {
	};
	objectVersion = 51;
	objects = {

/* Begin PBXBuildFile section */
		1C6B43BD2383308A00092412 /* ResetCountCommand.swift in Sources */ = {isa = PBXBuildFile; fileRef = 1C6B43BC2383308A00092412 /* ResetCountCommand.swift */; };
		1C6B43BF238330BE00092412 /* PiOnCommand.swift in Sources */ = {isa = PBXBuildFile; fileRef = 1C6B43BE238330BE00092412 /* PiOnCommand.swift */; };
		1C6B43C12383343800092412 /* CommandManager.swift in Sources */ = {isa = PBXBuildFile; fileRef = 1C6B43C02383343800092412 /* CommandManager.swift */; };
		1C70BF4D238DF00C00ED67EF /* BarChartView.swift in Sources */ = {isa = PBXBuildFile; fileRef = 1C70BF4C238DF00C00ED67EF /* BarChartView.swift */; };
		1C70BF4F238F2F9000ED67EF /* FrequencyCalculator.swift in Sources */ = {isa = PBXBuildFile; fileRef = 1C70BF4E238F2F9000ED67EF /* FrequencyCalculator.swift */; };
		1CA25539237C9C67004B3A5A /* AppDelegate.swift in Sources */ = {isa = PBXBuildFile; fileRef = 1CA25538237C9C67004B3A5A /* AppDelegate.swift */; };
		1CA2553B237C9C67004B3A5A /* SceneDelegate.swift in Sources */ = {isa = PBXBuildFile; fileRef = 1CA2553A237C9C67004B3A5A /* SceneDelegate.swift */; };
		1CA2553D237C9C67004B3A5A /* ContentView.swift in Sources */ = {isa = PBXBuildFile; fileRef = 1CA2553C237C9C67004B3A5A /* ContentView.swift */; };
		1CA2553F237C9C69004B3A5A /* Assets.xcassets in Resources */ = {isa = PBXBuildFile; fileRef = 1CA2553E237C9C69004B3A5A /* Assets.xcassets */; };
		1CA25542237C9C69004B3A5A /* Preview Assets.xcassets in Resources */ = {isa = PBXBuildFile; fileRef = 1CA25541237C9C69004B3A5A /* Preview Assets.xcassets */; };
		1CA25545237C9C69004B3A5A /* LaunchScreen.storyboard in Resources */ = {isa = PBXBuildFile; fileRef = 1CA25543237C9C69004B3A5A /* LaunchScreen.storyboard */; };
		1CA2554D237C9CB0004B3A5A /* NetworkManager.swift in Sources */ = {isa = PBXBuildFile; fileRef = 1CA2554C237C9CB0004B3A5A /* NetworkManager.swift */; };
		1CA25551237C9D06004B3A5A /* UserViewModel.swift in Sources */ = {isa = PBXBuildFile; fileRef = 1CA25550237C9D06004B3A5A /* UserViewModel.swift */; };
		1CA25553237C9D0E004B3A5A /* AdminViewModel.swift in Sources */ = {isa = PBXBuildFile; fileRef = 1CA25552237C9D0E004B3A5A /* AdminViewModel.swift */; };
		1CA25555237C9D16004B3A5A /* Command.swift in Sources */ = {isa = PBXBuildFile; fileRef = 1CA25554237C9D16004B3A5A /* Command.swift */; };
		1CA2555B237C9DBB004B3A5A /* UserView.swift in Sources */ = {isa = PBXBuildFile; fileRef = 1CA2555A237C9DBB004B3A5A /* UserView.swift */; };
		1CA2555D237C9DE0004B3A5A /* AdminView.swift in Sources */ = {isa = PBXBuildFile; fileRef = 1CA2555C237C9DE0004B3A5A /* AdminView.swift */; };
		1CA25560237CA3AA004B3A5A /* GoogleService-Info.plist in Resources */ = {isa = PBXBuildFile; fileRef = 1CA2555F237CA3AA004B3A5A /* GoogleService-Info.plist */; };
		EA592A0F76CE2D430EF9219F /* Pods_PumpkinPi.framework in Frameworks */ = {isa = PBXBuildFile; fileRef = 9DD350845B1B2FBF8190C869 /* Pods_PumpkinPi.framework */; };
/* End PBXBuildFile section */

/* Begin PBXFileReference section */
		1C6B43BC2383308A00092412 /* ResetCountCommand.swift */ = {isa = PBXFileReference; lastKnownFileType = sourcecode.swift; path = ResetCountCommand.swift; sourceTree = "<group>"; };
		1C6B43BE238330BE00092412 /* PiOnCommand.swift */ = {isa = PBXFileReference; lastKnownFileType = sourcecode.swift; name = PiOnCommand.swift; path = PumpkinPi/Managers/PiOnCommand.swift; sourceTree = SOURCE_ROOT; };
		1C6B43C02383343800092412 /* CommandManager.swift */ = {isa = PBXFileReference; lastKnownFileType = sourcecode.swift; path = CommandManager.swift; sourceTree = "<group>"; };
		1C70BF4C238DF00C00ED67EF /* BarChartView.swift */ = {isa = PBXFileReference; fileEncoding = 4; lastKnownFileType = sourcecode.swift; path = BarChartView.swift; sourceTree = "<group>"; };
		1C70BF4E238F2F9000ED67EF /* FrequencyCalculator.swift */ = {isa = PBXFileReference; lastKnownFileType = sourcecode.swift; path = FrequencyCalculator.swift; sourceTree = "<group>"; };
		1CA25535237C9C66004B3A5A /* PumpkinPi.app */ = {isa = PBXFileReference; explicitFileType = wrapper.application; includeInIndex = 0; path = PumpkinPi.app; sourceTree = BUILT_PRODUCTS_DIR; };
		1CA25538237C9C67004B3A5A /* AppDelegate.swift */ = {isa = PBXFileReference; lastKnownFileType = sourcecode.swift; path = AppDelegate.swift; sourceTree = "<group>"; };
		1CA2553A237C9C67004B3A5A /* SceneDelegate.swift */ = {isa = PBXFileReference; lastKnownFileType = sourcecode.swift; path = SceneDelegate.swift; sourceTree = "<group>"; };
		1CA2553C237C9C67004B3A5A /* ContentView.swift */ = {isa = PBXFileReference; lastKnownFileType = sourcecode.swift; path = ContentView.swift; sourceTree = "<group>"; };
		1CA2553E237C9C69004B3A5A /* Assets.xcassets */ = {isa = PBXFileReference; lastKnownFileType = folder.assetcatalog; path = Assets.xcassets; sourceTree = "<group>"; };
		1CA25541237C9C69004B3A5A /* Preview Assets.xcassets */ = {isa = PBXFileReference; lastKnownFileType = folder.assetcatalog; path = "Preview Assets.xcassets"; sourceTree = "<group>"; };
		1CA25544237C9C69004B3A5A /* Base */ = {isa = PBXFileReference; lastKnownFileType = file.storyboard; name = Base; path = Base.lproj/LaunchScreen.storyboard; sourceTree = "<group>"; };
		1CA25546237C9C69004B3A5A /* Info.plist */ = {isa = PBXFileReference; lastKnownFileType = text.plist.xml; path = Info.plist; sourceTree = "<group>"; };
		1CA2554C237C9CB0004B3A5A /* NetworkManager.swift */ = {isa = PBXFileReference; lastKnownFileType = sourcecode.swift; path = NetworkManager.swift; sourceTree = "<group>"; };
		1CA25550237C9D06004B3A5A /* UserViewModel.swift */ = {isa = PBXFileReference; lastKnownFileType = sourcecode.swift; path = UserViewModel.swift; sourceTree = "<group>"; };
		1CA25552237C9D0E004B3A5A /* AdminViewModel.swift */ = {isa = PBXFileReference; lastKnownFileType = sourcecode.swift; path = AdminViewModel.swift; sourceTree = "<group>"; };
		1CA25554237C9D16004B3A5A /* Command.swift */ = {isa = PBXFileReference; lastKnownFileType = sourcecode.swift; path = Command.swift; sourceTree = "<group>"; };
		1CA2555A237C9DBB004B3A5A /* UserView.swift */ = {isa = PBXFileReference; lastKnownFileType = sourcecode.swift; path = UserView.swift; sourceTree = "<group>"; };
		1CA2555C237C9DE0004B3A5A /* AdminView.swift */ = {isa = PBXFileReference; lastKnownFileType = sourcecode.swift; path = AdminView.swift; sourceTree = "<group>"; };
		1CA2555F237CA3AA004B3A5A /* GoogleService-Info.plist */ = {isa = PBXFileReference; fileEncoding = 4; lastKnownFileType = text.plist.xml; path = "GoogleService-Info.plist"; sourceTree = "<group>"; };
		9DD350845B1B2FBF8190C869 /* Pods_PumpkinPi.framework */ = {isa = PBXFileReference; explicitFileType = wrapper.framework; includeInIndex = 0; path = Pods_PumpkinPi.framework; sourceTree = BUILT_PRODUCTS_DIR; };
		B92AB8583BF99FFBED46F9D9 /* Pods-PumpkinPi.release.xcconfig */ = {isa = PBXFileReference; includeInIndex = 1; lastKnownFileType = text.xcconfig; name = "Pods-PumpkinPi.release.xcconfig"; path = "Target Support Files/Pods-PumpkinPi/Pods-PumpkinPi.release.xcconfig"; sourceTree = "<group>"; };
		BCD2DF9CE3E087A55B58DA73 /* Pods-PumpkinPi.debug.xcconfig */ = {isa = PBXFileReference; includeInIndex = 1; lastKnownFileType = text.xcconfig; name = "Pods-PumpkinPi.debug.xcconfig"; path = "Target Support Files/Pods-PumpkinPi/Pods-PumpkinPi.debug.xcconfig"; sourceTree = "<group>"; };
/* End PBXFileReference section */

/* Begin PBXFrameworksBuildPhase section */
		1CA25532237C9C66004B3A5A /* Frameworks */ = {
			isa = PBXFrameworksBuildPhase;
			buildActionMask = 2147483647;
			files = (
				EA592A0F76CE2D430EF9219F /* Pods_PumpkinPi.framework in Frameworks */,
			);
			runOnlyForDeploymentPostprocessing = 0;
		};
/* End PBXFrameworksBuildPhase section */

/* Begin PBXGroup section */
		1CA2552C237C9C66004B3A5A = {
			isa = PBXGroup;
			children = (
				1CA25537237C9C66004B3A5A /* PumpkinPi */,
				1CA25536237C9C66004B3A5A /* Products */,
				26A156F8E3EF902E47309ABD /* Pods */,
				D5B7E3E2CEBFB437A0A8CDAF /* Frameworks */,
			);
			sourceTree = "<group>";
		};
		1CA25536237C9C66004B3A5A /* Products */ = {
			isa = PBXGroup;
			children = (
				1CA25535237C9C66004B3A5A /* PumpkinPi.app */,
			);
			name = Products;
			sourceTree = "<group>";
		};
		1CA25537237C9C66004B3A5A /* PumpkinPi */ = {
			isa = PBXGroup;
			children = (
				1CA2555E237C9DF4004B3A5A /* Views */,
				1CA25557237C9D47004B3A5A /* View Models */,
				1CA25559237C9DAC004B3A5A /* Managers */,
				1CA25558237C9D60004B3A5A /* Protocols */,
				1CA25556237C9D2A004B3A5A /* Supporting Files */,
				1CA25546237C9C69004B3A5A /* Info.plist */,
				1CA2555F237CA3AA004B3A5A /* GoogleService-Info.plist */,
			);
			path = PumpkinPi;
			sourceTree = "<group>";
		};
		1CA25540237C9C69004B3A5A /* Preview Content */ = {
			isa = PBXGroup;
			children = (
				1CA25541237C9C69004B3A5A /* Preview Assets.xcassets */,
			);
			path = "Preview Content";
			sourceTree = "<group>";
		};
		1CA25556237C9D2A004B3A5A /* Supporting Files */ = {
			isa = PBXGroup;
			children = (
				1CA25538237C9C67004B3A5A /* AppDelegate.swift */,
				1CA2553A237C9C67004B3A5A /* SceneDelegate.swift */,
				1CA2553E237C9C69004B3A5A /* Assets.xcassets */,
				1CA25543237C9C69004B3A5A /* LaunchScreen.storyboard */,
				1CA25540237C9C69004B3A5A /* Preview Content */,
			);
			path = "Supporting Files";
			sourceTree = "<group>";
		};
		1CA25557237C9D47004B3A5A /* View Models */ = {
			isa = PBXGroup;
			children = (
				1CA25550237C9D06004B3A5A /* UserViewModel.swift */,
				1CA25552237C9D0E004B3A5A /* AdminViewModel.swift */,
				1C6B43C02383343800092412 /* CommandManager.swift */,
			);
			path = "View Models";
			sourceTree = "<group>";
		};
		1CA25558237C9D60004B3A5A /* Protocols */ = {
			isa = PBXGroup;
			children = (
				1CA25554237C9D16004B3A5A /* Command.swift */,
				1C70BF4E238F2F9000ED67EF /* FrequencyCalculator.swift */,
			);
			path = Protocols;
			sourceTree = "<group>";
		};
		1CA25559237C9DAC004B3A5A /* Managers */ = {
			isa = PBXGroup;
			children = (
				1CA2554C237C9CB0004B3A5A /* NetworkManager.swift */,
				1C6B43BC2383308A00092412 /* ResetCountCommand.swift */,
				1C6B43BE238330BE00092412 /* PiOnCommand.swift */,
			);
			path = Managers;
			sourceTree = "<group>";
		};
		1CA2555E237C9DF4004B3A5A /* Views */ = {
			isa = PBXGroup;
			children = (
				1CA2553C237C9C67004B3A5A /* ContentView.swift */,
				1CA2555C237C9DE0004B3A5A /* AdminView.swift */,
				1CA2555A237C9DBB004B3A5A /* UserView.swift */,
				1C70BF4C238DF00C00ED67EF /* BarChartView.swift */,
			);
			path = Views;
			sourceTree = "<group>";
		};
		26A156F8E3EF902E47309ABD /* Pods */ = {
			isa = PBXGroup;
			children = (
				BCD2DF9CE3E087A55B58DA73 /* Pods-PumpkinPi.debug.xcconfig */,
				B92AB8583BF99FFBED46F9D9 /* Pods-PumpkinPi.release.xcconfig */,
			);
			path = Pods;
			sourceTree = "<group>";
		};
		D5B7E3E2CEBFB437A0A8CDAF /* Frameworks */ = {
			isa = PBXGroup;
			children = (
				9DD350845B1B2FBF8190C869 /* Pods_PumpkinPi.framework */,
			);
			name = Frameworks;
			sourceTree = "<group>";
		};
/* End PBXGroup section */

/* Begin PBXNativeTarget section */
		1CA25534237C9C66004B3A5A /* PumpkinPi */ = {
			isa = PBXNativeTarget;
			buildConfigurationList = 1CA25549237C9C69004B3A5A /* Build configuration list for PBXNativeTarget "PumpkinPi" */;
			buildPhases = (
				6E969C7B028E0924E5549D01 /* [CP] Check Pods Manifest.lock */,
				1CA25531237C9C66004B3A5A /* Sources */,
				1CA25532237C9C66004B3A5A /* Frameworks */,
				1CA25533237C9C66004B3A5A /* Resources */,
				76A245D9C554414E3441FAC1 /* [CP] Embed Pods Frameworks */,
			);
			buildRules = (
			);
			dependencies = (
			);
			name = PumpkinPi;
			productName = PumpkinPi;
			productReference = 1CA25535237C9C66004B3A5A /* PumpkinPi.app */;
			productType = "com.apple.product-type.application";
		};
/* End PBXNativeTarget section */

/* Begin PBXProject section */
		1CA2552D237C9C66004B3A5A /* Project object */ = {
			isa = PBXProject;
			attributes = {
				LastSwiftUpdateCheck = 1120;
				LastUpgradeCheck = 1120;
				ORGANIZATIONNAME = "Kamiar Coffey";
				TargetAttributes = {
					1CA25534237C9C66004B3A5A = {
						CreatedOnToolsVersion = 11.2;
					};
				};
			};
			buildConfigurationList = 1CA25530237C9C66004B3A5A /* Build configuration list for PBXProject "PumpkinPi" */;
			compatibilityVersion = "Xcode 9.3";
			developmentRegion = en;
			hasScannedForEncodings = 0;
			knownRegions = (
				en,
				Base,
			);
			mainGroup = 1CA2552C237C9C66004B3A5A;
			productRefGroup = 1CA25536237C9C66004B3A5A /* Products */;
			projectDirPath = "";
			projectRoot = "";
			targets = (
				1CA25534237C9C66004B3A5A /* PumpkinPi */,
			);
		};
/* End PBXProject section */

/* Begin PBXResourcesBuildPhase section */
		1CA25533237C9C66004B3A5A /* Resources */ = {
			isa = PBXResourcesBuildPhase;
			buildActionMask = 2147483647;
			files = (
				1CA25545237C9C69004B3A5A /* LaunchScreen.storyboard in Resources */,
				1CA25560237CA3AA004B3A5A /* GoogleService-Info.plist in Resources */,
				1CA25542237C9C69004B3A5A /* Preview Assets.xcassets in Resources */,
				1CA2553F237C9C69004B3A5A /* Assets.xcassets in Resources */,
			);
			runOnlyForDeploymentPostprocessing = 0;
		};
/* End PBXResourcesBuildPhase section */

/* Begin PBXShellScriptBuildPhase section */
		6E969C7B028E0924E5549D01 /* [CP] Check Pods Manifest.lock */ = {
			isa = PBXShellScriptBuildPhase;
			buildActionMask = 2147483647;
			files = (
			);
			inputFileListPaths = (
			);
			inputPaths = (
				"${PODS_PODFILE_DIR_PATH}/Podfile.lock",
				"${PODS_ROOT}/Manifest.lock",
			);
			name = "[CP] Check Pods Manifest.lock";
			outputFileListPaths = (
			);
			outputPaths = (
				"$(DERIVED_FILE_DIR)/Pods-PumpkinPi-checkManifestLockResult.txt",
			);
			runOnlyForDeploymentPostprocessing = 0;
			shellPath = /bin/sh;
			shellScript = "diff \"${PODS_PODFILE_DIR_PATH}/Podfile.lock\" \"${PODS_ROOT}/Manifest.lock\" > /dev/null\nif [ $? != 0 ] ; then\n    # print error to STDERR\n    echo \"error: The sandbox is not in sync with the Podfile.lock. Run 'pod install' or update your CocoaPods installation.\" >&2\n    exit 1\nfi\n# This output is used by Xcode 'outputs' to avoid re-running this script phase.\necho \"SUCCESS\" > \"${SCRIPT_OUTPUT_FILE_0}\"\n";
			showEnvVarsInLog = 0;
		};
		76A245D9C554414E3441FAC1 /* [CP] Embed Pods Frameworks */ = {
			isa = PBXShellScriptBuildPhase;
			buildActionMask = 2147483647;
			files = (
			);
			inputFileListPaths = (
				"${PODS_ROOT}/Target Support Files/Pods-PumpkinPi/Pods-PumpkinPi-frameworks-${CONFIGURATION}-input-files.xcfilelist",
			);
			name = "[CP] Embed Pods Frameworks";
			outputFileListPaths = (
				"${PODS_ROOT}/Target Support Files/Pods-PumpkinPi/Pods-PumpkinPi-frameworks-${CONFIGURATION}-output-files.xcfilelist",
			);
			runOnlyForDeploymentPostprocessing = 0;
			shellPath = /bin/sh;
			shellScript = "\"${PODS_ROOT}/Target Support Files/Pods-PumpkinPi/Pods-PumpkinPi-frameworks.sh\"\n";
			showEnvVarsInLog = 0;
		};
/* End PBXShellScriptBuildPhase section */

/* Begin PBXSourcesBuildPhase section */
		1CA25531237C9C66004B3A5A /* Sources */ = {
			isa = PBXSourcesBuildPhase;
			buildActionMask = 2147483647;
			files = (
				1C6B43BF238330BE00092412 /* PiOnCommand.swift in Sources */,
				1CA2554D237C9CB0004B3A5A /* NetworkManager.swift in Sources */,
				1CA25551237C9D06004B3A5A /* UserViewModel.swift in Sources */,
				1C6B43BD2383308A00092412 /* ResetCountCommand.swift in Sources */,
				1C70BF4F238F2F9000ED67EF /* FrequencyCalculator.swift in Sources */,
				1CA25539237C9C67004B3A5A /* AppDelegate.swift in Sources */,
				1CA2555D237C9DE0004B3A5A /* AdminView.swift in Sources */,
				1CA2553B237C9C67004B3A5A /* SceneDelegate.swift in Sources */,
				1CA25553237C9D0E004B3A5A /* AdminViewModel.swift in Sources */,
				1CA2553D237C9C67004B3A5A /* ContentView.swift in Sources */,
				1CA2555B237C9DBB004B3A5A /* UserView.swift in Sources */,
				1C70BF4D238DF00C00ED67EF /* BarChartView.swift in Sources */,
				1C6B43C12383343800092412 /* CommandManager.swift in Sources */,
				1CA25555237C9D16004B3A5A /* Command.swift in Sources */,
			);
			runOnlyForDeploymentPostprocessing = 0;
		};
/* End PBXSourcesBuildPhase section */

/* Begin PBXVariantGroup section */
		1CA25543237C9C69004B3A5A /* LaunchScreen.storyboard */ = {
			isa = PBXVariantGroup;
			children = (
				1CA25544237C9C69004B3A5A /* Base */,
			);
			name = LaunchScreen.storyboard;
			sourceTree = "<group>";
		};
/* End PBXVariantGroup section */

/* Begin XCBuildConfiguration section */
		1CA25547237C9C69004B3A5A /* Debug */ = {
			isa = XCBuildConfiguration;
			buildSettings = {
				ALWAYS_SEARCH_USER_PATHS = NO;
				CLANG_ANALYZER_NONNULL = YES;
				CLANG_ANALYZER_NUMBER_OBJECT_CONVERSION = YES_AGGRESSIVE;
				CLANG_CXX_LANGUAGE_STANDARD = "gnu++14";
				CLANG_CXX_LIBRARY = "libc++";
				CLANG_ENABLE_MODULES = YES;
				CLANG_ENABLE_OBJC_ARC = YES;
				CLANG_ENABLE_OBJC_WEAK = YES;
				CLANG_WARN_BLOCK_CAPTURE_AUTORELEASING = YES;
				CLANG_WARN_BOOL_CONVERSION = YES;
				CLANG_WARN_COMMA = YES;
				CLANG_WARN_CONSTANT_CONVERSION = YES;
				CLANG_WARN_DEPRECATED_OBJC_IMPLEMENTATIONS = YES;
				CLANG_WARN_DIRECT_OBJC_ISA_USAGE = YES_ERROR;
				CLANG_WARN_DOCUMENTATION_COMMENTS = YES;
				CLANG_WARN_EMPTY_BODY = YES;
				CLANG_WARN_ENUM_CONVERSION = YES;
				CLANG_WARN_INFINITE_RECURSION = YES;
				CLANG_WARN_INT_CONVERSION = YES;
				CLANG_WARN_NON_LITERAL_NULL_CONVERSION = YES;
				CLANG_WARN_OBJC_IMPLICIT_RETAIN_SELF = YES;
				CLANG_WARN_OBJC_LITERAL_CONVERSION = YES;
				CLANG_WARN_OBJC_ROOT_CLASS = YES_ERROR;
				CLANG_WARN_RANGE_LOOP_ANALYSIS = YES;
				CLANG_WARN_STRICT_PROTOTYPES = YES;
				CLANG_WARN_SUSPICIOUS_MOVE = YES;
				CLANG_WARN_UNGUARDED_AVAILABILITY = YES_AGGRESSIVE;
				CLANG_WARN_UNREACHABLE_CODE = YES;
				CLANG_WARN__DUPLICATE_METHOD_MATCH = YES;
				COPY_PHASE_STRIP = NO;
				DEBUG_INFORMATION_FORMAT = dwarf;
				ENABLE_STRICT_OBJC_MSGSEND = YES;
				ENABLE_TESTABILITY = YES;
				GCC_C_LANGUAGE_STANDARD = gnu11;
				GCC_DYNAMIC_NO_PIC = NO;
				GCC_NO_COMMON_BLOCKS = YES;
				GCC_OPTIMIZATION_LEVEL = 0;
				GCC_PREPROCESSOR_DEFINITIONS = (
					"DEBUG=1",
					"$(inherited)",
				);
				GCC_WARN_64_TO_32_BIT_CONVERSION = YES;
				GCC_WARN_ABOUT_RETURN_TYPE = YES_ERROR;
				GCC_WARN_UNDECLARED_SELECTOR = YES;
				GCC_WARN_UNINITIALIZED_AUTOS = YES_AGGRESSIVE;
				GCC_WARN_UNUSED_FUNCTION = YES;
				GCC_WARN_UNUSED_VARIABLE = YES;
				IPHONEOS_DEPLOYMENT_TARGET = 13.2;
				MTL_ENABLE_DEBUG_INFO = INCLUDE_SOURCE;
				MTL_FAST_MATH = YES;
				ONLY_ACTIVE_ARCH = YES;
				SDKROOT = iphoneos;
				SWIFT_ACTIVE_COMPILATION_CONDITIONS = DEBUG;
				SWIFT_OPTIMIZATION_LEVEL = "-Onone";
			};
			name = Debug;
		};
		1CA25548237C9C69004B3A5A /* Release */ = {
			isa = XCBuildConfiguration;
			buildSettings = {
				ALWAYS_SEARCH_USER_PATHS = NO;
				CLANG_ANALYZER_NONNULL = YES;
				CLANG_ANALYZER_NUMBER_OBJECT_CONVERSION = YES_AGGRESSIVE;
				CLANG_CXX_LANGUAGE_STANDARD = "gnu++14";
				CLANG_CXX_LIBRARY = "libc++";
				CLANG_ENABLE_MODULES = YES;
				CLANG_ENABLE_OBJC_ARC = YES;
				CLANG_ENABLE_OBJC_WEAK = YES;
				CLANG_WARN_BLOCK_CAPTURE_AUTORELEASING = YES;
				CLANG_WARN_BOOL_CONVERSION = YES;
				CLANG_WARN_COMMA = YES;
				CLANG_WARN_CONSTANT_CONVERSION = YES;
				CLANG_WARN_DEPRECATED_OBJC_IMPLEMENTATIONS = YES;
				CLANG_WARN_DIRECT_OBJC_ISA_USAGE = YES_ERROR;
				CLANG_WARN_DOCUMENTATION_COMMENTS = YES;
				CLANG_WARN_EMPTY_BODY = YES;
				CLANG_WARN_ENUM_CONVERSION = YES;
				CLANG_WARN_INFINITE_RECURSION = YES;
				CLANG_WARN_INT_CONVERSION = YES;
				CLANG_WARN_NON_LITERAL_NULL_CONVERSION = YES;
				CLANG_WARN_OBJC_IMPLICIT_RETAIN_SELF = YES;
				CLANG_WARN_OBJC_LITERAL_CONVERSION = YES;
				CLANG_WARN_OBJC_ROOT_CLASS = YES_ERROR;
				CLANG_WARN_RANGE_LOOP_ANALYSIS = YES;
				CLANG_WARN_STRICT_PROTOTYPES = YES;
				CLANG_WARN_SUSPICIOUS_MOVE = YES;
				CLANG_WARN_UNGUARDED_AVAILABILITY = YES_AGGRESSIVE;
				CLANG_WARN_UNREACHABLE_CODE = YES;
				CLANG_WARN__DUPLICATE_METHOD_MATCH = YES;
				COPY_PHASE_STRIP = NO;
				DEBUG_INFORMATION_FORMAT = "dwarf-with-dsym";
				ENABLE_NS_ASSERTIONS = NO;
				ENABLE_STRICT_OBJC_MSGSEND = YES;
				GCC_C_LANGUAGE_STANDARD = gnu11;
				GCC_NO_COMMON_BLOCKS = YES;
				GCC_WARN_64_TO_32_BIT_CONVERSION = YES;
				GCC_WARN_ABOUT_RETURN_TYPE = YES_ERROR;
				GCC_WARN_UNDECLARED_SELECTOR = YES;
				GCC_WARN_UNINITIALIZED_AUTOS = YES_AGGRESSIVE;
				GCC_WARN_UNUSED_FUNCTION = YES;
				GCC_WARN_UNUSED_VARIABLE = YES;
				IPHONEOS_DEPLOYMENT_TARGET = 13.2;
				MTL_ENABLE_DEBUG_INFO = NO;
				MTL_FAST_MATH = YES;
				SDKROOT = iphoneos;
				SWIFT_COMPILATION_MODE = wholemodule;
				SWIFT_OPTIMIZATION_LEVEL = "-O";
				VALIDATE_PRODUCT = YES;
			};
			name = Release;
		};
		1CA2554A237C9C69004B3A5A /* Debug */ = {
			isa = XCBuildConfiguration;
			baseConfigurationReference = BCD2DF9CE3E087A55B58DA73 /* Pods-PumpkinPi.debug.xcconfig */;
			buildSettings = {
				ASSETCATALOG_COMPILER_APPICON_NAME = AppIcon;
				CODE_SIGN_STYLE = Automatic;
				DEVELOPMENT_ASSET_PATHS = "\"PumpkinPi/Supporting Files/Preview Content\"";
				DEVELOPMENT_TEAM = 526DHGGYX5;
				ENABLE_PREVIEWS = YES;
				INFOPLIST_FILE = PumpkinPi/Info.plist;
				LD_RUNPATH_SEARCH_PATHS = (
					"$(inherited)",
					"@executable_path/Frameworks",
				);
				PRODUCT_BUNDLE_IDENTIFIER = kamiar.coffey.PumpkinPi;
				PRODUCT_NAME = "$(TARGET_NAME)";
				SWIFT_VERSION = 5.0;
				TARGETED_DEVICE_FAMILY = "1,2";
			};
			name = Debug;
		};
		1CA2554B237C9C69004B3A5A /* Release */ = {
			isa = XCBuildConfiguration;
			baseConfigurationReference = B92AB8583BF99FFBED46F9D9 /* Pods-PumpkinPi.release.xcconfig */;
			buildSettings = {
				ASSETCATALOG_COMPILER_APPICON_NAME = AppIcon;
				CODE_SIGN_STYLE = Automatic;
				DEVELOPMENT_ASSET_PATHS = "\"PumpkinPi/Supporting Files/Preview Content\"";
				DEVELOPMENT_TEAM = 526DHGGYX5;
				ENABLE_PREVIEWS = YES;
				INFOPLIST_FILE = PumpkinPi/Info.plist;
				LD_RUNPATH_SEARCH_PATHS = (
					"$(inherited)",
					"@executable_path/Frameworks",
				);
				PRODUCT_BUNDLE_IDENTIFIER = kamiar.coffey.PumpkinPi;
				PRODUCT_NAME = "$(TARGET_NAME)";
				SWIFT_VERSION = 5.0;
				TARGETED_DEVICE_FAMILY = "1,2";
			};
			name = Release;
		};
/* End XCBuildConfiguration section */

/* Begin XCConfigurationList section */
		1CA25530237C9C66004B3A5A /* Build configuration list for PBXProject "PumpkinPi" */ = {
			isa = XCConfigurationList;
			buildConfigurations = (
				1CA25547237C9C69004B3A5A /* Debug */,
				1CA25548237C9C69004B3A5A /* Release */,
			);
			defaultConfigurationIsVisible = 0;
			defaultConfigurationName = Release;
		};
		1CA25549237C9C69004B3A5A /* Build configuration list for PBXNativeTarget "PumpkinPi" */ = {
			isa = XCConfigurationList;
			buildConfigurations = (
				1CA2554A237C9C69004B3A5A /* Debug */,
				1CA2554B237C9C69004B3A5A /* Release */,
			);
			defaultConfigurationIsVisible = 0;
			defaultConfigurationName = Release;
		};
/* End XCConfigurationList section */
	};
	rootObject = 1CA2552D237C9C66004B3A5A /* Project object */;
}
